
Microsoft Visual Studio Solution File, Format Version 12.00
# Visual Studio Version 17
VisualStudioVersion = 17.2.32505.173
MinimumVisualStudioVersion = 10.0.40219.1
Project("{FAE04EC0-301F-11D3-BF4B-00C04F79EFBC}") = "CU Library", "CU Library\CU Library.csproj", "{4A0021F7-9D10-4423-A3DB-3B29C0F7B354}"
EndProject
Global
	GlobalSection(SolutionConfigurationPlatforms) = preSolution
		Debug|Any CPU = Debug|Any CPU
		Release|Any CPU = Release|Any CPU
	EndGlobalSection
	GlobalSection(ProjectConfigurationPlatforms) = postSolution
		{4A0021F7-9D10-4423-A3DB-3B29C0F7B354}.Debug|Any CPU.ActiveCfg = Debug|Any CPU
		{4A0021F7-9D10-4423-A3DB-3B29C0F7B354}.Debug|Any CPU.Build.0 = Debug|Any CPU
		{4A0021F7-9D10-4423-A3DB-3B29C0F7B354}.Release|Any CPU.ActiveCfg = Release|Any CPU
		{4A0021F7-9D10-4423-A3DB-3B29C0F7B354}.Release|Any CPU.Build.0 = Release|Any CPU
	EndGlobalSection
	GlobalSection(SolutionProperties) = preSolution
		HideSolutionNode = FALSE
	EndGlobalSection
	GlobalSection(ExtensibilityGlobals) = postSolution
		SolutionGuid = {8A34164D-63F7-4348-A5E9-7B79F6EB8C05}
	EndGlobalSection
EndGlobal
